
Microsoft Visual Studio Solution File, Format Version 12.00
# Visual Studio Version 16
VisualStudioVersion = 16.0.808.4
MinimumVisualStudioVersion = 10.0.40219.1
Project("{FAE04EC0-301F-11D3-BF4B-00C04F79EFBC}") = "MoneyMaker", "MoneyMaker.csproj", "{FDDBFECE-FB70-4921-8742-BCFD1A44253E}"
EndProject
Global
	GlobalSection(SolutionConfigurationPlatforms) = preSolution
		Debug|Any CPU = Debug|Any CPU
		Release|Any CPU = Release|Any CPU
	EndGlobalSection
	GlobalSection(ProjectConfigurationPlatforms) = postSolution
		{FDDBFECE-FB70-4921-8742-BCFD1A44253E}.Debug|Any CPU.ActiveCfg = Debug|Any CPU
		{FDDBFECE-FB70-4921-8742-BCFD1A44253E}.Debug|Any CPU.Build.0 = Debug|Any CPU
		{FDDBFECE-FB70-4921-8742-BCFD1A44253E}.Release|Any CPU.ActiveCfg = Release|Any CPU
		{FDDBFECE-FB70-4921-8742-BCFD1A44253E}.Release|Any CPU.Build.0 = Release|Any CPU
	EndGlobalSection
	GlobalSection(SolutionProperties) = preSolution
		HideSolutionNode = FALSE
	EndGlobalSection
	GlobalSection(ExtensibilityGlobals) = postSolution
		SolutionGuid = {B552DB26-B4EA-45F0-8CD7-B263FE522D92}
	EndGlobalSection
EndGlobal
